
Microsoft Visual Studio Solution File, Format Version 12.00
# Visual Studio 15
VisualStudioVersion = 15.0.28010.2003
MinimumVisualStudioVersion = 10.0.40219.1
Project("{FAE04EC0-301F-11D3-BF4B-00C04F79EFBC}") = "OMDbSharp", "OMDbSharp\OMDbSharp.csproj", "{51368C8A-C2E8-4F24-914F-881970F71352}"
EndProject
Global
	GlobalSection(SolutionConfigurationPlatforms) = preSolution
		Debug|Any CPU = Debug|Any CPU
		Release|Any CPU = Release|Any CPU
	EndGlobalSection
	GlobalSection(ProjectConfigurationPlatforms) = postSolution
		{51368C8A-C2E8-4F24-914F-881970F71352}.Debug|Any CPU.ActiveCfg = Debug|Any CPU
		{51368C8A-C2E8-4F24-914F-881970F71352}.Debug|Any CPU.Build.0 = Debug|Any CPU
		{51368C8A-C2E8-4F24-914F-881970F71352}.Release|Any CPU.ActiveCfg = Release|Any CPU
		{51368C8A-C2E8-4F24-914F-881970F71352}.Release|Any CPU.Build.0 = Release|Any CPU
	EndGlobalSection
	GlobalSection(SolutionProperties) = preSolution
		HideSolutionNode = FALSE
	EndGlobalSection
	GlobalSection(ExtensibilityGlobals) = postSolution
		SolutionGuid = {C41C96A8-3B06-479A-94CE-C2203EEDD82A}
	EndGlobalSection
EndGlobal
